GEM
  remote: https://rubygems.org/
  specs:
    ac-library-rb (1.2.0)
      prime
    backports (3.25.3)
    bit_utils (0.1.2)
      backports (>= 3.6.6)
      function_module (>= 0.1.1)
    bitarray (1.3.2)
    concurrent-ruby (1.3.8)
    faster_prime (1.0.2)
    ffi (1.17.4)
    ffi (1.17.4-aarch64-linux-gnu)
    ffi (1.17.4-aarch64-linux-musl)
    ffi (1.17.4-arm-linux-gnu)
    ffi (1.17.4-arm-linux-musl)
    ffi (1.17.4-arm64-darwin)
    ffi (1.17.4-x86-linux-gnu)
    ffi (1.17.4-x86-linux-musl)
    ffi (1.17.4-x86_64-darwin)
    ffi (1.17.4-x86_64-linux-gnu)
    ffi (1.17.4-x86_64-linux-musl)
    ffi-geos (2.5.0)
      ffi (>= 1.0.0)
    forwardable (1.4.0)
    function_module (0.1.1)
    immutable-ruby (0.2.0)
      concurrent-ruby (~> 1.1)
      sorted_set (~> 1.0)
    pairing_heap (3.1.1)
    prime (0.1.4)
      forwardable
      singleton
    rbtree (0.4.7)
    rexml (3.4.4)
    rgl (0.6.7)
      pairing_heap (>= 0.3, < 4.0)
      rexml (~> 3.2, >= 3.2.4)
      stream (~> 0.5.3)
    singleton (0.3.0)
    sorted_containers (1.1.0)
    sorted_set (1.1.0)
      rbtree
    stream (0.5.6)
    z3 (0.0.20260727)
      ffi (~> 1.17)

PLATFORMS
  aarch64-linux-gnu
  aarch64-linux-musl
  arm-linux-gnu
  arm-linux-musl
  arm64-darwin
  ruby
  x86-linux-gnu
  x86-linux-musl
  x86_64-darwin
  x86_64-linux-gnu
  x86_64-linux-musl

DEPENDENCIES
  ac-library-rb
  bit_utils
  bitarray
  faster_prime
  ffi-geos
  immutable-ruby
  rbtree
  rgl
  sorted_containers
  sorted_set
  z3

CHECKSUMS
  ac-library-rb (1.2.0) sha256=8923d7daffaf92e623a2552e10ca0bb401b51790e078a676602fc7d1fbb3d8b3
  backports (3.25.3) sha256=94298d32dc3c40ca15633b54e282780b49e2db0c045f602ea1907e4f63a17235
  bit_utils (0.1.2) sha256=9a9693b982025fd163b81f07cb1b4fa09e5203cbd654891b6877a35af6872272
  bitarray (1.3.2) sha256=d98263373e7662f549106423a22079fa3410505171f9a95fb1f839aca95b9897
  concurrent-ruby (1.3.8) sha256=b2f1be836e968ccc78ccfce277ea79c72a88633f22306782c16ff23fb415d1e1
  faster_prime (1.0.2) sha256=78da3a4ae5fad9b685daf1dfc6e7f0e6013c33b84cf69a11bb6357de921d3ad6
  ffi (1.17.4) sha256=bcd1642e06f0d16fc9e09ac6d49c3a7298b9789bcb58127302f934e437d60acf
  ffi (1.17.4-aarch64-linux-gnu) sha256=b208f06f91ffd8f5e1193da3cae3d2ccfc27fc36fba577baf698d26d91c080df
  ffi (1.17.4-aarch64-linux-musl) sha256=9286b7a615f2676245283aef0a0a3b475ae3aae2bb5448baace630bb77b91f39
  ffi (1.17.4-arm-linux-gnu) sha256=d6dbddf7cb77bf955411af5f187a65b8cd378cb003c15c05697f5feee1cb1564
  ffi (1.17.4-arm-linux-musl) sha256=9d4838ded0465bef6e2426935f6bcc93134b6616785a84ffd2a3d82bc3cf6f95
  ffi (1.17.4-arm64-darwin) sha256=19071aaf1419251b0a46852abf960e77330a3b334d13a4ab51d58b31a937001b
  ffi (1.17.4-x86-linux-gnu) sha256=38e150df5f4ca555e25beca4090823ae09657bceded154e3c52f8631c1ed72cf
  ffi (1.17.4-x86-linux-musl) sha256=fbeec0fc7c795bcf86f623bb18d31ea1820f7bd580e1703a3d3740d527437809
  ffi (1.17.4-x86_64-darwin) sha256=aa70390523cf3235096cf64962b709b4cfbd5c082a2cb2ae714eb0fe2ccda496
  ffi (1.17.4-x86_64-linux-gnu) sha256=9d3db14c2eae074b382fa9c083fe95aec6e0a1451da249eab096c34002bc752d
  ffi (1.17.4-x86_64-linux-musl) sha256=3fdf9888483de005f8ef8d1cf2d3b20d86626af206cbf780f6a6a12439a9c49e
  ffi-geos (2.5.0) sha256=ba8f0c3729a0f1f4eb17ac4408803db0f7ac7558d97b7e024f4484210a97477e
  forwardable (1.4.0) sha256=f1cd40cc9812937980e1c76f1aa053660990a7c9b6a98fc37d945468afcce838
  function_module (0.1.1) sha256=356dd3e44d22f1fabba2501093c123c438ffa7a5696e8b2476213b52e1ca93ce
  immutable-ruby (0.2.0) sha256=1ab896e0d9c8c3fe21ddc3dd29be87511da2f6b0970c5a1c36838a9a4a4605e7
  pairing_heap (3.1.1) sha256=c71a74ecdf9d6accc7545b38075b2f4e8d98b550aabe0f0758a587ee12e93588
  prime (0.1.4) sha256=4d755ebf7c2994a6f3a3fee0d072063be3fff2d4042ebff6cd5eebd4747a225e
  rbtree (0.4.7) sha256=1efabbcb3fd5f12249c9c8a610a765074868164eed0c50c9db2531c00ed161cb
  rexml (3.4.4) sha256=19e0a2c3425dfbf2d4fc1189747bdb2f849b6c5e74180401b15734bc97b5d142
  rgl (0.6.7) sha256=2db61855502f748e032289a2fb053943a3b3e3a44691f8cbd53e8308b22e736f
  singleton (0.3.0) sha256=83ea1bca5f4aa34d00305ab842a7862ea5a8a11c73d362cb52379d94e9615778
  sorted_containers (1.1.0) sha256=9928f6fbaf6d3cc1d0f8116df823d2f4e01ea6506839baa7029233c40039141c
  sorted_set (1.1.0) sha256=bac01eb16b6bcfcdb7d732a28e87422be8b5c9fdcfeadbe9072682407524ee83
  stream (0.5.6) sha256=2733607ce840d60c72eb181714d45f0a7b077ee62fec0a94510a29c39175610f
  z3 (0.0.20260727) sha256=ac928b93b432611f597b0f5ff8bb29ea754256d9491e8f8ff351a9c5ce52f980

BUNDLED WITH
  4.0.6
